
Microsoft Visual Studio Solution File, Format Version 12.00
# Visual Studio Version 16
VisualStudioVersion = 16.0.33214.272
MinimumVisualStudioVersion = 10.0.40219.1
Project("{FAE04EC0-301F-11D3-BF4B-00C04F79EFBC}") = "aviUtlConnector", "aviUtlDropper\aviUtlConnector.csproj", "{02DDC961-D3B5-4080-801A-391A4573D648}"
EndProject
Project("{9A19103F-16F7-4668-BE54-9A1E7A4F7556}") = "SpeechGRpcServer", "SpeechGRpcServer\SpeechGRpcServer.csproj", "{31E3AECD-3161-4DBD-BB33-B00A92BDCEB0}"
EndProject
Project("{FAE04EC0-301F-11D3-BF4B-00C04F79EFBC}") = "Speech", "..\TTSController\src\Speech\Speech.csproj", "{7787A468-A1BB-4077-85BC-543258610060}"
EndProject
Global
	GlobalSection(SolutionConfigurationPlatforms) = preSolution
		Debug|Any CPU = Debug|Any CPU
		Debug|x64 = Debug|x64
		Debug|x86 = Debug|x86
		Release|Any CPU = Release|Any CPU
		Release|x64 = Release|x64
		Release|x86 = Release|x86
	EndGlobalSection
	GlobalSection(ProjectConfigurationPlatforms) = postSolution
		{02DDC961-D3B5-4080-801A-391A4573D648}.Debug|Any CPU.ActiveCfg = Debug|Any CPU
		{02DDC961-D3B5-4080-801A-391A4573D648}.Debug|Any CPU.Build.0 = Debug|Any CPU
		{02DDC961-D3B5-4080-801A-391A4573D648}.Debug|x64.ActiveCfg = Debug|Any CPU
		{02DDC961-D3B5-4080-801A-391A4573D648}.Debug|x64.Build.0 = Debug|Any CPU
		{02DDC961-D3B5-4080-801A-391A4573D648}.Debug|x86.ActiveCfg = Debug|Any CPU
		{02DDC961-D3B5-4080-801A-391A4573D648}.Debug|x86.Build.0 = Debug|Any CPU
		{02DDC961-D3B5-4080-801A-391A4573D648}.Release|Any CPU.ActiveCfg = Release|Any CPU
		{02DDC961-D3B5-4080-801A-391A4573D648}.Release|Any CPU.Build.0 = Release|Any CPU
		{02DDC961-D3B5-4080-801A-391A4573D648}.Release|x64.ActiveCfg = Release|Any CPU
		{02DDC961-D3B5-4080-801A-391A4573D648}.Release|x64.Build.0 = Release|Any CPU
		{02DDC961-D3B5-4080-801A-391A4573D648}.Release|x86.ActiveCfg = Release|Any CPU
		{02DDC961-D3B5-4080-801A-391A4573D648}.Release|x86.Build.0 = Release|Any CPU
		{31E3AECD-3161-4DBD-BB33-B00A92BDCEB0}.Debug|Any CPU.ActiveCfg = Debug|Any CPU
		{31E3AECD-3161-4DBD-BB33-B00A92BDCEB0}.Debug|Any CPU.Build.0 = Debug|Any CPU
		{31E3AECD-3161-4DBD-BB33-B00A92BDCEB0}.Debug|x64.ActiveCfg = Debug|x64
		{31E3AECD-3161-4DBD-BB33-B00A92BDCEB0}.Debug|x64.Build.0 = Debug|x64
		{31E3AECD-3161-4DBD-BB33-B00A92BDCEB0}.Debug|x86.ActiveCfg = Debug|Any CPU
		{31E3AECD-3161-4DBD-BB33-B00A92BDCEB0}.Debug|x86.Build.0 = Debug|Any CPU
		{31E3AECD-3161-4DBD-BB33-B00A92BDCEB0}.Release|Any CPU.ActiveCfg = Release|Any CPU
		{31E3AECD-3161-4DBD-BB33-B00A92BDCEB0}.Release|Any CPU.Build.0 = Release|Any CPU
		{31E3AECD-3161-4DBD-BB33-B00A92BDCEB0}.Release|x64.ActiveCfg = Release|x64
		{31E3AECD-3161-4DBD-BB33-B00A92BDCEB0}.Release|x64.Build.0 = Release|x64
		{31E3AECD-3161-4DBD-BB33-B00A92BDCEB0}.Release|x86.ActiveCfg = Release|Any CPU
		{31E3AECD-3161-4DBD-BB33-B00A92BDCEB0}.Release|x86.Build.0 = Release|Any CPU
		{7787A468-A1BB-4077-85BC-543258610060}.Debug|Any CPU.ActiveCfg = Debug|Any CPU
		{7787A468-A1BB-4077-85BC-543258610060}.Debug|Any CPU.Build.0 = Debug|Any CPU
		{7787A468-A1BB-4077-85BC-543258610060}.Debug|x64.ActiveCfg = Debug|Any CPU
		{7787A468-A1BB-4077-85BC-543258610060}.Debug|x64.Build.0 = Debug|Any CPU
		{7787A468-A1BB-4077-85BC-543258610060}.Debug|x86.ActiveCfg = Debug|x86
		{7787A468-A1BB-4077-85BC-543258610060}.Debug|x86.Build.0 = Debug|x86
		{7787A468-A1BB-4077-85BC-543258610060}.Release|Any CPU.ActiveCfg = Release|Any CPU
		{7787A468-A1BB-4077-85BC-543258610060}.Release|Any CPU.Build.0 = Release|Any CPU
		{7787A468-A1BB-4077-85BC-543258610060}.Release|x64.ActiveCfg = Release|Any CPU
		{7787A468-A1BB-4077-85BC-543258610060}.Release|x64.Build.0 = Release|Any CPU
		{7787A468-A1BB-4077-85BC-543258610060}.Release|x86.ActiveCfg = Release|x86
		{7787A468-A1BB-4077-85BC-543258610060}.Release|x86.Build.0 = Release|x86
	EndGlobalSection
	GlobalSection(SolutionProperties) = preSolution
		HideSolutionNode = FALSE
	EndGlobalSection
	GlobalSection(ExtensibilityGlobals) = postSolution
		SolutionGuid = {11C88506-8BAD-4510-881A-77147FCBB69B}
	EndGlobalSection
EndGlobal
